// !$*UTF8*$!
{
	archiveVersion = 1;
	classes = {
	};
	objectVersion = 55;
	objects = {

/* Begin PBXBuildFile section */
		DD78CC2428B846670060A4CA /* AppDelegate.swift in Sources */ = {isa = PBXBuildFile; fileRef = DD78CC2328B846670060A4CA /* AppDelegate.swift */; };
		DD78CC2628B846670060A4CA /* SceneDelegate.swift in Sources */ = {isa = PBXBuildFile; fileRef = DD78CC2528B846670060A4CA /* SceneDelegate.swift */; };
		DD78CC2828B846670060A4CA /* ViewController.swift in Sources */ = {isa = PBXBuildFile; fileRef = DD78CC2728B846670060A4CA /* ViewController.swift */; };
		DD78CC2B28B846670060A4CA /* Main.storyboard in Resources */ = {isa = PBXBuildFile; fileRef = DD78CC2928B846670060A4CA /* Main.storyboard */; };
		DD78CC2D28B846690060A4CA /* Assets.xcassets in Resources */ = {isa = PBXBuildFile; fileRef = DD78CC2C28B846690060A4CA /* Assets.xcassets */; };
		DD78CC3028B846690060A4CA /* LaunchScreen.storyboard in Resources */ = {isa = PBXBuildFile; fileRef = DD78CC2E28B846690060A4CA /* LaunchScreen.storyboard */; };
		DD78CC3B28B846690060A4CA /* preworkTests.swift in Sources */ = {isa = PBXBuildFile; fileRef = DD78CC3A28B846690060A4CA /* preworkTests.swift */; };
		DD78CC4528B846690060A4CA /* preworkUITests.swift in Sources */ = {isa = PBXBuildFile; fileRef = DD78CC4428B846690060A4CA /* preworkUITests.swift */; };
		DD78CC4728B846690060A4CA /* preworkUITestsLaunchTests.swift in Sources */ = {isa = PBXBuildFile; fileRef = DD78CC4628B846690060A4CA /* preworkUITestsLaunchTests.swift */; };
/* End PBXBuildFile section */

/* Begin PBXContainerItemProxy section */
		DD78CC3728B846690060A4CA /* PBXContainerItemProxy */ = {
			isa = PBXContainerItemProxy;
			containerPortal = DD78CC1828B846670060A4CA /* Project object */;
			proxyType = 1;
			remoteGlobalIDString = DD78CC1F28B846670060A4CA;
			remoteInfo = prework;
		};
		DD78CC4128B846690060A4CA /* PBXContainerItemProxy */ = {
			isa = PBXContainerItemProxy;
			containerPortal = DD78CC1828B846670060A4CA /* Project object */;
			proxyType = 1;
			remoteGlobalIDString = DD78CC1F28B846670060A4CA;
			remoteInfo = prework;
		};
/* End PBXContainerItemProxy section */

/* Begin PBXFileReference section */
		DD78CC2028B846670060A4CA /* prework.app */ = {isa = PBXFileReference; explicitFileType = wrapper.application; includeInIndex = 0; path = prework.app; sourceTree = BUILT_PRODUCTS_DIR; };
		DD78CC2328B846670060A4CA /* AppDelegate.swift */ = {isa = PBXFileReference; lastKnownFileType = sourcecode.swift; path = AppDelegate.swift; sourceTree = "<group>"; };
		DD78CC2528B846670060A4CA /* SceneDelegate.swift */ = {isa = PBXFileReference; lastKnownFileType = sourcecode.swift; path = SceneDelegate.swift; sourceTree = "<group>"; };
		DD78CC2728B846670060A4CA /* ViewController.swift */ = {isa = PBXFileReference; lastKnownFileType = sourcecode.swift; path = ViewController.swift; sourceTree = "<group>"; };
		DD78CC2A28B846670060A4CA /* Base */ = {isa = PBXFileReference; lastKnownFileType = file.storyboard; name = Base; path = Base.lproj/Main.storyboard; sourceTree = "<group>"; };
		DD78CC2C28B846690060A4CA /* Assets.xcassets */ = {isa = PBXFileReference; lastKnownFileType = folder.assetcatalog; path = Assets.xcassets; sourceTree = "<group>"; };
		DD78CC2F28B846690060A4CA /* Base */ = {isa = PBXFileReference; lastKnownFileType = file.storyboard; name = Base; path = Base.lproj/LaunchScreen.storyboard; sourceTree = "<group>"; };
		DD78CC3128B846690060A4CA /* Info.plist */ = {isa = PBXFileReference; lastKnownFileType = text.plist.xml; path = Info.plist; sourceTree = "<group>"; };
		DD78CC3628B846690060A4CA /* preworkTests.xctest */ = {isa = PBXFileReference; explicitFileType = wrapper.cfbundle; includeInIndex = 0; path = preworkTests.xctest; sourceTree = BUILT_PRODUCTS_DIR; };
		DD78CC3A28B846690060A4CA /* preworkTests.swift */ = {isa = PBXFileReference; lastKnownFileType = sourcecode.swift; path = preworkTests.swift; sourceTree = "<group>"; };
		DD78CC4028B846690060A4CA /* preworkUITests.xctest */ = {isa = PBXFileReference; explicitFileType = wrapper.cfbundle; includeInIndex = 0; path = preworkUITests.xctest; sourceTree = BUILT_PRODUCTS_DIR; };
		DD78CC4428B846690060A4CA /* preworkUITests.swift */ = {isa = PBXFileReference; lastKnownFileType = sourcecode.swift; path = preworkUITests.swift; sourceTree = "<group>"; };
		DD78CC4628B846690060A4CA /* preworkUITestsLaunchTests.swift */ = {isa = PBXFileReference; lastKnownFileType = sourcecode.swift; path = preworkUITestsLaunchTests.swift; sourceTree = "<group>"; };
/* End PBXFileReference section */

/* Begin PBXFrameworksBuildPhase section */
		DD78CC1D28B846670060A4CA /* Frameworks */ = {
			isa = PBXFrameworksBuildPhase;
			buildActionMask = 2147483647;
			files = (
			);
			runOnlyForDeploymentPostprocessing = 0;
		};
		DD78CC3328B846690060A4CA /* Frameworks */ = {
			isa = PBXFrameworksBuildPhase;
			buildActionMask = 2147483647;
			files = (
			);
			runOnlyForDeploymentPostprocessing = 0;
		};
		DD78CC3D28B846690060A4CA /* Frameworks */ = {
			isa = PBXFrameworksBuildPhase;
			buildActionMask = 2147483647;
			files = (
			);
			runOnlyForDeploymentPostprocessing = 0;
		};
/* End PBXFrameworksBuildPhase section */

/* Begin PBXGroup section */
		DD78CC1728B846670060A4CA = {
			isa = PBXGroup;
			children = (
				DD78CC2228B846670060A4CA /* prework */,
				DD78CC3928B846690060A4CA /* preworkTests */,
				DD78CC4328B846690060A4CA /* preworkUITests */,
				DD78CC2128B846670060A4CA /* Products */,
			);
			sourceTree = "<group>";
		};
		DD78CC2128B846670060A4CA /* Products */ = {
			isa = PBXGroup;
			children = (
				DD78CC2028B846670060A4CA /* prework.app */,
				DD78CC3628B846690060A4CA /* preworkTests.xctest */,
				DD78CC4028B846690060A4CA /* preworkUITests.xctest */,
			);
			name = Products;
			sourceTree = "<group>";
		};
		DD78CC2228B846670060A4CA /* prework */ = {
			isa = PBXGroup;
			children = (
				DD78CC2328B846670060A4CA /* AppDelegate.swift */,
				DD78CC2528B846670060A4CA /* SceneDelegate.swift */,
				DD78CC2728B846670060A4CA /* ViewController.swift */,
				DD78CC2928B846670060A4CA /* Main.storyboard */,
				DD78CC2C28B846690060A4CA /* Assets.xcassets */,
				DD78CC2E28B846690060A4CA /* LaunchScreen.storyboard */,
				DD78CC3128B846690060A4CA /* Info.plist */,
			);
			path = prework;
			sourceTree = "<group>";
		};
		DD78CC3928B846690060A4CA /* preworkTests */ = {
			isa = PBXGroup;
			children = (
				DD78CC3A28B846690060A4CA /* preworkTests.swift */,
			);
			path = preworkTests;
			sourceTree = "<group>";
		};
		DD78CC4328B846690060A4CA /* preworkUITests */ = {
			isa = PBXGroup;
			children = (
				DD78CC4428B846690060A4CA /* preworkUITests.swift */,
				DD78CC4628B846690060A4CA /* preworkUITestsLaunchTests.swift */,
			);
			path = preworkUITests;
			sourceTree = "<group>";
		};
/* End PBXGroup section */

/* Begin PBXNativeTarget section */
		DD78CC1F28B846670060A4CA /* prework */ = {
			isa = PBXNativeTarget;
			buildConfigurationList = DD78CC4A28B846690060A4CA /* Build configuration list for PBXNativeTarget "prework" */;
			buildPhases = (
				DD78CC1C28B846670060A4CA /* Sources */,
				DD78CC1D28B846670060A4CA /* Frameworks */,
				DD78CC1E28B846670060A4CA /* Resources */,
			);
			buildRules = (
			);
			dependencies = (
			);
			name = prework;
			productName = prework;
			productReference = DD78CC2028B846670060A4CA /* prework.app */;
			productType = "com.apple.product-type.application";
		};
		DD78CC3528B846690060A4CA /* preworkTests */ = {
			isa = PBXNativeTarget;
			buildConfigurationList = DD78CC4D28B846690060A4CA /* Build configuration list for PBXNativeTarget "preworkTests" */;
			buildPhases = (
				DD78CC3228B846690060A4CA /* Sources */,
				DD78CC3328B846690060A4CA /* Frameworks */,
				DD78CC3428B846690060A4CA /* Resources */,
			);
			buildRules = (
			);
			dependencies = (
				DD78CC3828B846690060A4CA /* PBXTargetDependency */,
			);
			name = preworkTests;
			productName = preworkTests;
			productReference = DD78CC3628B846690060A4CA /* preworkTests.xctest */;
			productType = "com.apple.product-type.bundle.unit-test";
		};
		DD78CC3F28B846690060A4CA /* preworkUITests */ = {
			isa = PBXNativeTarget;
			buildConfigurationList = DD78CC5028B846690060A4CA /* Build configuration list for PBXNativeTarget "preworkUITests" */;
			buildPhases = (
				DD78CC3C28B846690060A4CA /* Sources */,
				DD78CC3D28B846690060A4CA /* Frameworks */,
				DD78CC3E28B846690060A4CA /* Resources */,
			);
			buildRules = (
			);
			dependencies = (
				DD78CC4228B846690060A4CA /* PBXTargetDependency */,
			);
			name = preworkUITests;
			productName = preworkUITests;
			productReference = DD78CC4028B846690060A4CA /* preworkUITests.xctest */;
			productType = "com.apple.product-type.bundle.ui-testing";
		};
/* End PBXNativeTarget section */

/* Begin PBXProject section */
		DD78CC1828B846670060A4CA /* Project object */ = {
			isa = PBXProject;
			attributes = {
				BuildIndependentTargetsInParallel = 1;
				LastSwiftUpdateCheck = 1340;
				LastUpgradeCheck = 1340;
				TargetAttributes = {
					DD78CC1F28B846670060A4CA = {
						CreatedOnToolsVersion = 13.4.1;
					};
					DD78CC3528B846690060A4CA = {
						CreatedOnToolsVersion = 13.4.1;
						TestTargetID = DD78CC1F28B846670060A4CA;
					};
					DD78CC3F28B846690060A4CA = {
						CreatedOnToolsVersion = 13.4.1;
						TestTargetID = DD78CC1F28B846670060A4CA;
					};
				};
			};
			buildConfigurationList = DD78CC1B28B846670060A4CA /* Build configuration list for PBXProject "prework" */;
			compatibilityVersion = "Xcode 13.0";
			developmentRegion = en;
			hasScannedForEncodings = 0;
			knownRegions = (
				en,
				Base,
			);
			mainGroup = DD78CC1728B846670060A4CA;
			productRefGroup = DD78CC2128B846670060A4CA /* Products */;
			projectDirPath = "";
			projectRoot = "";
			targets = (
				DD78CC1F28B846670060A4CA /* prework */,
				DD78CC3528B846690060A4CA /* preworkTests */,
				DD78CC3F28B846690060A4CA /* preworkUITests */,
			);
		};
/* End PBXProject section */

/* Begin PBXResourcesBuildPhase section */
		DD78CC1E28B846670060A4CA /* Resources */ = {
			isa = PBXResourcesBuildPhase;
			buildActionMask = 2147483647;
			files = (
				DD78CC3028B846690060A4CA /* LaunchScreen.storyboard in Resources */,
				DD78CC2D28B846690060A4CA /* Assets.xcassets in Resources */,
				DD78CC2B28B846670060A4CA /* Main.storyboard in Resources */,
			);
			runOnlyForDeploymentPostprocessing = 0;
		};
		DD78CC3428B846690060A4CA /* Resources */ = {
			isa = PBXResourcesBuildPhase;
			buildActionMask = 2147483647;
			files = (
			);
			runOnlyForDeploymentPostprocessing = 0;
		};
		DD78CC3E28B846690060A4CA /* Resources */ = {
			isa = PBXResourcesBuildPhase;
			buildActionMask = 2147483647;
			files = (
			);
			runOnlyForDeploymentPostprocessing = 0;
		};
/* End PBXResourcesBuildPhase section */

/* Begin PBXSourcesBuildPhase section */
		DD78CC1C28B846670060A4CA /* Sources */ = {
			isa = PBXSourcesBuildPhase;
			buildActionMask = 2147483647;
			files = (
				DD78CC2828B846670060A4CA /* ViewController.swift in Sources */,
				DD78CC2428B846670060A4CA /* AppDelegate.swift in Sources */,
				DD78CC2628B846670060A4CA /* SceneDelegate.swift in Sources */,
			);
			runOnlyForDeploymentPostprocessing = 0;
		};
		DD78CC3228B846690060A4CA /* Sources */ = {
			isa = PBXSourcesBuildPhase;
			buildActionMask = 2147483647;
			files = (
				DD78CC3B28B846690060A4CA /* preworkTests.swift in Sources */,
			);
			runOnlyForDeploymentPostprocessing = 0;
		};
		DD78CC3C28B846690060A4CA /* Sources */ = {
			isa = PBXSourcesBuildPhase;
			buildActionMask = 2147483647;
			files = (
				DD78CC4528B846690060A4CA /* preworkUITests.swift in Sources */,
				DD78CC4728B846690060A4CA /* preworkUITestsLaunchTests.swift in Sources */,
			);
			runOnlyForDeploymentPostprocessing = 0;
		};
/* End PBXSourcesBuildPhase section */

/* Begin PBXTargetDependency section */
		DD78CC3828B846690060A4CA /* PBXTargetDependency */ = {
			isa = PBXTargetDependency;
			target = DD78CC1F28B846670060A4CA /* prework */;
			targetProxy = DD78CC3728B846690060A4CA /* PBXContainerItemProxy */;
		};
		DD78CC4228B846690060A4CA /* PBXTargetDependency */ = {
			isa = PBXTargetDependency;
			target = DD78CC1F28B846670060A4CA /* prework */;
			targetProxy = DD78CC4128B846690060A4CA /* PBXContainerItemProxy */;
		};
/* End PBXTargetDependency section */

/* Begin PBXVariantGroup section */
		DD78CC2928B846670060A4CA /* Main.storyboard */ = {
			isa = PBXVariantGroup;
			children = (
				DD78CC2A28B846670060A4CA /* Base */,
			);
			name = Main.storyboard;
			sourceTree = "<group>";
		};
		DD78CC2E28B846690060A4CA /* LaunchScreen.storyboard */ = {
			isa = PBXVariantGroup;
			children = (
				DD78CC2F28B846690060A4CA /* Base */,
			);
			name = LaunchScreen.storyboard;
			sourceTree = "<group>";
		};
/* End PBXVariantGroup section */

/* Begin XCBuildConfiguration section */
		DD78CC4828B846690060A4CA /* Debug */ = {
			isa = XCBuildConfiguration;
			buildSettings = {
				ALWAYS_SEARCH_USER_PATHS = NO;
				CLANG_ANALYZER_NONNULL = YES;
				CLANG_ANALYZER_NUMBER_OBJECT_CONVERSION = YES_AGGRESSIVE;
				CLANG_CXX_LANGUAGE_STANDARD = "gnu++17";
				CLANG_ENABLE_MODULES = YES;
				CLANG_ENABLE_OBJC_ARC = YES;
				CLANG_ENABLE_OBJC_WEAK = YES;
				CLANG_WARN_BLOCK_CAPTURE_AUTORELEASING = YES;
				CLANG_WARN_BOOL_CONVERSION = YES;
				CLANG_WARN_COMMA = YES;
				CLANG_WARN_CONSTANT_CONVERSION = YES;
				CLANG_WARN_DEPRECATED_OBJC_IMPLEMENTATIONS = YES;
				CLANG_WARN_DIRECT_OBJC_ISA_USAGE = YES_ERROR;
				CLANG_WARN_DOCUMENTATION_COMMENTS = YES;
				CLANG_WARN_EMPTY_BODY = YES;
				CLANG_WARN_ENUM_CONVERSION = YES;
				CLANG_WARN_INFINITE_RECURSION = YES;
				CLANG_WARN_INT_CONVERSION = YES;
				CLANG_WARN_NON_LITERAL_NULL_CONVERSION = YES;
				CLANG_WARN_OBJC_IMPLICIT_RETAIN_SELF = YES;
				CLANG_WARN_OBJC_LITERAL_CONVERSION = YES;
				CLANG_WARN_OBJC_ROOT_CLASS = YES_ERROR;
				CLANG_WARN_QUOTED_INCLUDE_IN_FRAMEWORK_HEADER = YES;
				CLANG_WARN_RANGE_LOOP_ANALYSIS = YES;
				CLANG_WARN_STRICT_PROTOTYPES = YES;
				CLANG_WARN_SUSPICIOUS_MOVE = YES;
				CLANG_WARN_UNGUARDED_AVAILABILITY = YES_AGGRESSIVE;
				CLANG_WARN_UNREACHABLE_CODE = YES;
				CLANG_WARN__DUPLICATE_METHOD_MATCH = YES;
				COPY_PHASE_STRIP = NO;
				DEBUG_INFORMATION_FORMAT = dwarf;
				ENABLE_STRICT_OBJC_MSGSEND = YES;
				ENABLE_TESTABILITY = YES;
				GCC_C_LANGUAGE_STANDARD = gnu11;
				GCC_DYNAMIC_NO_PIC = NO;
				GCC_NO_COMMON_BLOCKS = YES;
				GCC_OPTIMIZATION_LEVEL = 0;
				GCC_PREPROCESSOR_DEFINITIONS = (
					"DEBUG=1",
					"$(inherited)",
				);
				GCC_WARN_64_TO_32_BIT_CONVERSION = YES;
				GCC_WARN_ABOUT_RETURN_TYPE = YES_ERROR;
				GCC_WARN_UNDECLARED_SELECTOR = YES;
				GCC_WARN_UNINITIALIZED_AUTOS = YES_AGGRESSIVE;
				GCC_WARN_UNUSED_FUNCTION = YES;
				GCC_WARN_UNUSED_VARIABLE = YES;
				IPHONEOS_DEPLOYMENT_TARGET = 15.5;
				MTL_ENABLE_DEBUG_INFO = INCLUDE_SOURCE;
				MTL_FAST_MATH = YES;
				ONLY_ACTIVE_ARCH = YES;
				SDKROOT = iphoneos;
				SWIFT_ACTIVE_COMPILATION_CONDITIONS = DEBUG;
				SWIFT_OPTIMIZATION_LEVEL = "-Onone";
			};
			name = Debug;
		};
		DD78CC4928B846690060A4CA /* Release */ = {
			isa = XCBuildConfiguration;
			buildSettings = {
				ALWAYS_SEARCH_USER_PATHS = NO;
				CLANG_ANALYZER_NONNULL = YES;
				CLANG_ANALYZER_NUMBER_OBJECT_CONVERSION = YES_AGGRESSIVE;
				CLANG_CXX_LANGUAGE_STANDARD = "gnu++17";
				CLANG_ENABLE_MODULES = YES;
				CLANG_ENABLE_OBJC_ARC = YES;
				CLANG_ENABLE_OBJC_WEAK = YES;
				CLANG_WARN_BLOCK_CAPTURE_AUTORELEASING = YES;
				CLANG_WARN_BOOL_CONVERSION = YES;
				CLANG_WARN_COMMA = YES;
				CLANG_WARN_CONSTANT_CONVERSION = YES;
				CLANG_WARN_DEPRECATED_OBJC_IMPLEMENTATIONS = YES;
				CLANG_WARN_DIRECT_OBJC_ISA_USAGE = YES_ERROR;
				CLANG_WARN_DOCUMENTATION_COMMENTS = YES;
				CLANG_WARN_EMPTY_BODY = YES;
				CLANG_WARN_ENUM_CONVERSION = YES;
				CLANG_WARN_INFINITE_RECURSION = YES;
				CLANG_WARN_INT_CONVERSION = YES;
				CLANG_WARN_NON_LITERAL_NULL_CONVERSION = YES;
				CLANG_WARN_OBJC_IMPLICIT_RETAIN_SELF = YES;
				CLANG_WARN_OBJC_LITERAL_CONVERSION = YES;
				CLANG_WARN_OBJC_ROOT_CLASS = YES_ERROR;
				CLANG_WARN_QUOTED_INCLUDE_IN_FRAMEWORK_HEADER = YES;
				CLANG_WARN_RANGE_LOOP_ANALYSIS = YES;
				CLANG_WARN_STRICT_PROTOTYPES = YES;
				CLANG_WARN_SUSPICIOUS_MOVE = YES;
				CLANG_WARN_UNGUARDED_AVAILABILITY = YES_AGGRESSIVE;
				CLANG_WARN_UNREACHABLE_CODE = YES;
				CLANG_WARN__DUPLICATE_METHOD_MATCH = YES;
				COPY_PHASE_STRIP = NO;
				DEBUG_INFORMATION_FORMAT = "dwarf-with-dsym";
				ENABLE_NS_ASSERTIONS = NO;
				ENABLE_STRICT_OBJC_MSGSEND = YES;
				GCC_C_LANGUAGE_STANDARD = gnu11;
				GCC_NO_COMMON_BLOCKS = YES;
				GCC_WARN_64_TO_32_BIT_CONVERSION = YES;
				GCC_WARN_ABOUT_RETURN_TYPE = YES_ERROR;
				GCC_WARN_UNDECLARED_SELECTOR = YES;
				GCC_WARN_UNINITIALIZED_AUTOS = YES_AGGRESSIVE;
				GCC_WARN_UNUSED_FUNCTION = YES;
				GCC_WARN_UNUSED_VARIABLE = YES;
				IPHONEOS_DEPLOYMENT_TARGET = 15.5;
				MTL_ENABLE_DEBUG_INFO = NO;
				MTL_FAST_MATH = YES;
				SDKROOT = iphoneos;
				SWIFT_COMPILATION_MODE = wholemodule;
				SWIFT_OPTIMIZATION_LEVEL = "-O";
				VALIDATE_PRODUCT = YES;
			};
			name = Release;
		};
		DD78CC4B28B846690060A4CA /* Debug */ = {
			isa = XCBuildConfiguration;
			buildSettings = {
				ASSETCATALOG_COMPILER_APPICON_NAME = AppIcon;
				ASSETCATALOG_COMPILER_GLOBAL_ACCENT_COLOR_NAME = AccentColor;
				CODE_SIGN_STYLE = Automatic;
				CURRENT_PROJECT_VERSION = 1;
				GENERATE_INFOPLIST_FILE = YES;
				INFOPLIST_FILE = prework/Info.plist;
				INFOPLIST_KEY_UIApplicationSupportsIndirectInputEvents = YES;
				INFOPLIST_KEY_UILaunchStoryboardName = LaunchScreen;
				INFOPLIST_KEY_UIMainStoryboardFile = Main;
				INFOPLIST_KEY_UISupportedInterfaceOrientations_iPad = "UIInterfaceOrientationPortrait UIInterfaceOrientationPortraitUpsideDown UIInterfaceOrientationLandscapeLeft UIInterfaceOrientationLandscapeRight";
				INFOPLIST_KEY_UISupportedInterfaceOrientations_iPhone = "UIInterfaceOrientationPortrait UIInterfaceOrientationLandscapeLeft UIInterfaceOrientationLandscapeRight";
				LD_RUNPATH_SEARCH_PATHS = (
					"$(inherited)",
					"@executable_path/Frameworks",
				);
				MARKETING_VERSION = 1.0;
				PRODUCT_BUNDLE_IDENTIFIER = muhammad.prework;
				PRODUCT_NAME = "$(TARGET_NAME)";
				SWIFT_EMIT_LOC_STRINGS = YES;
				SWIFT_VERSION = 5.0;
				TARGETED_DEVICE_FAMILY = "1,2";
			};
			name = Debug;
		};
		DD78CC4C28B846690060A4CA /* Release */ = {
			isa = XCBuildConfiguration;
			buildSettings = {
				ASSETCATALOG_COMPILER_APPICON_NAME = AppIcon;
				ASSETCATALOG_COMPILER_GLOBAL_ACCENT_COLOR_NAME = AccentColor;
				CODE_SIGN_STYLE = Automatic;
				CURRENT_PROJECT_VERSION = 1;
				GENERATE_INFOPLIST_FILE = YES;
				INFOPLIST_FILE = prework/Info.plist;
				INFOPLIST_KEY_UIApplicationSupportsIndirectInputEvents = YES;
				INFOPLIST_KEY_UILaunchStoryboardName = LaunchScreen;
				INFOPLIST_KEY_UIMainStoryboardFile = Main;
				INFOPLIST_KEY_UISupportedInterfaceOrientations_iPad = "UIInterfaceOrientationPortrait UIInterfaceOrientationPortraitUpsideDown UIInterfaceOrientationLandscapeLeft UIInterfaceOrientationLandscapeRight";
				INFOPLIST_KEY_UISupportedInterfaceOrientations_iPhone = "UIInterfaceOrientationPortrait UIInterfaceOrientationLandscapeLeft UIInterfaceOrientationLandscapeRight";
				LD_RUNPATH_SEARCH_PATHS = (
					"$(inherited)",
					"@executable_path/Frameworks",
				);
				MARKETING_VERSION = 1.0;
				PRODUCT_BUNDLE_IDENTIFIER = muhammad.prework;
				PRODUCT_NAME = "$(TARGET_NAME)";
				SWIFT_EMIT_LOC_STRINGS = YES;
				SWIFT_VERSION = 5.0;
				TARGETED_DEVICE_FAMILY = "1,2";
			};
			name = Release;
		};
		DD78CC4E28B846690060A4CA /* Debug */ = {
			isa = XCBuildConfiguration;
			buildSettings = {
				ALWAYS_EMBED_SWIFT_STANDARD_LIBRARIES = YES;
				BUNDLE_LOADER = "$(TEST_HOST)";
				CODE_SIGN_STYLE = Automatic;
				CURRENT_PROJECT_VERSION = 1;
				GENERATE_INFOPLIST_FILE = YES;
				IPHONEOS_DEPLOYMENT_TARGET = 15.5;
				MARKETING_VERSION = 1.0;
				PRODUCT_BUNDLE_IDENTIFIER = muhammad.preworkTests;
				PRODUCT_NAME = "$(TARGET_NAME)";
				SWIFT_EMIT_LOC_STRINGS = NO;
				SWIFT_VERSION = 5.0;
				TARGETED_DEVICE_FAMILY = "1,2";
				TEST_HOST = "$(BUILT_PRODUCTS_DIR)/prework.app/prework";
			};
			name = Debug;
		};
		DD78CC4F28B846690060A4CA /* Release */ = {
			isa = XCBuildConfiguration;
			buildSettings = {
				ALWAYS_EMBED_SWIFT_STANDARD_LIBRARIES = YES;
				BUNDLE_LOADER = "$(TEST_HOST)";
				CODE_SIGN_STYLE = Automatic;
				CURRENT_PROJECT_VERSION = 1;
				GENERATE_INFOPLIST_FILE = YES;
				IPHONEOS_DEPLOYMENT_TARGET = 15.5;
				MARKETING_VERSION = 1.0;
				PRODUCT_BUNDLE_IDENTIFIER = muhammad.preworkTests;
				PRODUCT_NAME = "$(TARGET_NAME)";
				SWIFT_EMIT_LOC_STRINGS = NO;
				SWIFT_VERSION = 5.0;
				TARGETED_DEVICE_FAMILY = "1,2";
				TEST_HOST = "$(BUILT_PRODUCTS_DIR)/prework.app/prework";
			};
			name = Release;
		};
		DD78CC5128B846690060A4CA /* Debug */ = {
			isa = XCBuildConfiguration;
			buildSettings = {
				ALWAYS_EMBED_SWIFT_STANDARD_LIBRARIES = YES;
				CODE_SIGN_STYLE = Automatic;
				CURRENT_PROJECT_VERSION = 1;
				GENERATE_INFOPLIST_FILE = YES;
				MARKETING_VERSION = 1.0;
				PRODUCT_BUNDLE_IDENTIFIER = muhammad.preworkUITests;
				PRODUCT_NAME = "$(TARGET_NAME)";
				SWIFT_EMIT_LOC_STRINGS = NO;
				SWIFT_VERSION = 5.0;
				TARGETED_DEVICE_FAMILY = "1,2";
				TEST_TARGET_NAME = prework;
			};
			name = Debug;
		};
		DD78CC5228B846690060A4CA /* Release */ = {
			isa = XCBuildConfiguration;
			buildSettings = {
				ALWAYS_EMBED_SWIFT_STANDARD_LIBRARIES = YES;
				CODE_SIGN_STYLE = Automatic;
				CURRENT_PROJECT_VERSION = 1;
				GENERATE_INFOPLIST_FILE = YES;
				MARKETING_VERSION = 1.0;
				PRODUCT_BUNDLE_IDENTIFIER = muhammad.preworkUITests;
				PRODUCT_NAME = "$(TARGET_NAME)";
				SWIFT_EMIT_LOC_STRINGS = NO;
				SWIFT_VERSION = 5.0;
				TARGETED_DEVICE_FAMILY = "1,2";
				TEST_TARGET_NAME = prework;
			};
			name = Release;
		};
/* End XCBuildConfiguration section */

/* Begin XCConfigurationList section */
		DD78CC1B28B846670060A4CA /* Build configuration list for PBXProject "prework" */ = {
			isa = XCConfigurationList;
			buildConfigurations = (
				DD78CC4828B846690060A4CA /* Debug */,
				DD78CC4928B846690060A4CA /* Release */,
			);
			defaultConfigurationIsVisible = 0;
			defaultConfigurationName = Release;
		};
		DD78CC4A28B846690060A4CA /* Build configuration list for PBXNativeTarget "prework" */ = {
			isa = XCConfigurationList;
			buildConfigurations = (
				DD78CC4B28B846690060A4CA /* Debug */,
				DD78CC4C28B846690060A4CA /* Release */,
			);
			defaultConfigurationIsVisible = 0;
			defaultConfigurationName = Release;
		};
		DD78CC4D28B846690060A4CA /* Build configuration list for PBXNativeTarget "preworkTests" */ = {
			isa = XCConfigurationList;
			buildConfigurations = (
				DD78CC4E28B846690060A4CA /* Debug */,
				DD78CC4F28B846690060A4CA /* Release */,
			);
			defaultConfigurationIsVisible = 0;
			defaultConfigurationName = Release;
		};
		DD78CC5028B846690060A4CA /* Build configuration list for PBXNativeTarget "preworkUITests" */ = {
			isa = XCConfigurationList;
			buildConfigurations = (
				DD78CC5128B846690060A4CA /* Debug */,
				DD78CC5228B846690060A4CA /* Release */,
			);
			defaultConfigurationIsVisible = 0;
			defaultConfigurationName = Release;
		};
/* End XCConfigurationList section */
	};
	rootObject = DD78CC1828B846670060A4CA /* Project object */;
}
